// !$*UTF8*$!
{
	archiveVersion = 1;
	classes = {
	};
	objectVersion = 46;
	objects = {

/* Begin PBXBuildFile section */
		5825CE841D2FB97F00C45BE0 /* AppDelegate.m in Sources */ = {isa = PBXBuildFile; fileRef = 5825CE831D2FB97F00C45BE0 /* AppDelegate.m */; };
		5825CE8A1D2FB97F00C45BE0 /* Main.storyboard in Resources */ = {isa = PBXBuildFile; fileRef = 5825CE881D2FB97F00C45BE0 /* Main.storyboard */; };
		5825CE8F1D2FB98000C45BE0 /* Assets.xcassets in Resources */ = {isa = PBXBuildFile; fileRef = 5825CE8E1D2FB98000C45BE0 /* Assets.xcassets */; };
		5825CE921D2FB98000C45BE0 /* LaunchScreen.storyboard in Resources */ = {isa = PBXBuildFile; fileRef = 5825CE901D2FB98000C45BE0 /* LaunchScreen.storyboard */; };
		5825CEA21D2FBC2D00C45BE0 /* Item.m in Sources */ = {isa = PBXBuildFile; fileRef = 5825CE9C1D2FBC2D00C45BE0 /* Item.m */; };
		5825CEA41D2FBC2D00C45BE0 /* Hero.m in Sources */ = {isa = PBXBuildFile; fileRef = 5825CEA01D2FBC2D00C45BE0 /* Hero.m */; };
		5825CEA81D2FBDA800C45BE0 /* MYDOTA2.xcdatamodeld in Sources */ = {isa = PBXBuildFile; fileRef = 5825CEA61D2FBDA800C45BE0 /* MYDOTA2.xcdatamodeld */; };
		5825CEAC1D2FBDB500C45BE0 /* main.m in Sources */ = {isa = PBXBuildFile; fileRef = 5825CEAA1D2FBDB500C45BE0 /* main.m */; };
		5825CEB51D2FCB3300C45BE0 /* Dota2Fetcher.m in Sources */ = {isa = PBXBuildFile; fileRef = 5825CEB41D2FCB3300C45BE0 /* Dota2Fetcher.m */; };
		58A481F31D3F1077009B53A7 /* HeroDetail+CoreDataProperties.m in Sources */ = {isa = PBXBuildFile; fileRef = 58A481E51D3F1077009B53A7 /* HeroDetail+CoreDataProperties.m */; };
		58A481F41D3F1077009B53A7 /* HeroDetail.m in Sources */ = {isa = PBXBuildFile; fileRef = 58A481E71D3F1077009B53A7 /* HeroDetail.m */; };
		58A481F61D3F1077009B53A7 /* HeroAbility+CoreDataProperties.m in Sources */ = {isa = PBXBuildFile; fileRef = 58A481EB1D3F1077009B53A7 /* HeroAbility+CoreDataProperties.m */; };
		58A481F71D3F1077009B53A7 /* HeroAbility.m in Sources */ = {isa = PBXBuildFile; fileRef = 58A481ED1D3F1077009B53A7 /* HeroAbility.m */; };
		58A481F81D3F1077009B53A7 /* ItemDetail+CoreDataProperties.m in Sources */ = {isa = PBXBuildFile; fileRef = 58A481EF1D3F1077009B53A7 /* ItemDetail+CoreDataProperties.m */; };
		58A481F91D3F1077009B53A7 /* ItemDetail.m in Sources */ = {isa = PBXBuildFile; fileRef = 58A481F11D3F1077009B53A7 /* ItemDetail.m */; };
		58A481FC1D3F119F009B53A7 /* Hero+CoreDataProperties.m in Sources */ = {isa = PBXBuildFile; fileRef = 58A481FB1D3F119F009B53A7 /* Hero+CoreDataProperties.m */; };
		58AAD9BC1D45964300BB18C0 /* TabBarController.m in Sources */ = {isa = PBXBuildFile; fileRef = 58AAD9BB1D45964300BB18C0 /* TabBarController.m */; };
		58C1108E1D488F1400FED679 /* SearchFunctionHeroCDTVC.m in Sources */ = {isa = PBXBuildFile; fileRef = 58C1108D1D488F1400FED679 /* SearchFunctionHeroCDTVC.m */; };
		58C110911D48A51B00FED679 /* HeroDetailViewController.m in Sources */ = {isa = PBXBuildFile; fileRef = 58C110901D48A51B00FED679 /* HeroDetailViewController.m */; };
		58EBF0761D30B336004707C7 /* HeroCDTVC.m in Sources */ = {isa = PBXBuildFile; fileRef = 58EBF0751D30B336004707C7 /* HeroCDTVC.m */; };
		58EBF07C1D30CD06004707C7 /* CoreDataTableViewController.m in Sources */ = {isa = PBXBuildFile; fileRef = 58EBF07B1D30CD06004707C7 /* CoreDataTableViewController.m */; };
		58EF79021D448622006FFE12 /* HeroInfo.json in Resources */ = {isa = PBXBuildFile; fileRef = 58EF79011D448622006FFE12 /* HeroInfo.json */; };
		58EF79051D44A023006FFE12 /* Item+CoreDataProperties.m in Sources */ = {isa = PBXBuildFile; fileRef = 58EF79041D44A023006FFE12 /* Item+CoreDataProperties.m */; };
/* End PBXBuildFile section */

/* Begin PBXFileReference section */
		581EA7981D3E166F00B35D6C /* MYDOTA2_Availability.h */ = {isa = PBXFileReference; lastKnownFileType = sourcecode.c.h; name = MYDOTA2_Availability.h; path = "Supporting Files/MYDOTA2_Availability.h"; sourceTree = "<group>"; };
		5825CE7C1D2FB97F00C45BE0 /* MYDOTA2.app */ = {isa = PBXFileReference; explicitFileType = wrapper.application; includeInIndex = 0; path = MYDOTA2.app; sourceTree = BUILT_PRODUCTS_DIR; };
		5825CE821D2FB97F00C45BE0 /* AppDelegate.h */ = {isa = PBXFileReference; lastKnownFileType = sourcecode.c.h; path = AppDelegate.h; sourceTree = "<group>"; };
		5825CE831D2FB97F00C45BE0 /* AppDelegate.m */ = {isa = PBXFileReference; lastKnownFileType = sourcecode.c.objc; path = AppDelegate.m; sourceTree = "<group>"; };
		5825CE891D2FB97F00C45BE0 /* Base */ = {isa = PBXFileReference; lastKnownFileType = file.storyboard; name = Base; path = Base.lproj/Main.storyboard; sourceTree = "<group>"; };
		5825CE8E1D2FB98000C45BE0 /* Assets.xcassets */ = {isa = PBXFileReference; lastKnownFileType = folder.assetcatalog; path = Assets.xcassets; sourceTree = "<group>"; };
		5825CE911D2FB98000C45BE0 /* Base */ = {isa = PBXFileReference; lastKnownFileType = file.storyboard; name = Base; path = Base.lproj/LaunchScreen.storyboard; sourceTree = "<group>"; };
		5825CE9B1D2FBC2D00C45BE0 /* Item.h */ = {isa = PBXFileReference; fileEncoding = 4; lastKnownFileType = sourcecode.c.h; name = Item.h; path = database/Item.h; sourceTree = "<group>"; };
		5825CE9C1D2FBC2D00C45BE0 /* Item.m */ = {isa = PBXFileReference; fileEncoding = 4; lastKnownFileType = sourcecode.c.objc; name = Item.m; path = database/Item.m; sourceTree = "<group>"; };
		5825CE9F1D2FBC2D00C45BE0 /* Hero.h */ = {isa = PBXFileReference; fileEncoding = 4; lastKnownFileType = sourcecode.c.h; name = Hero.h; path = database/Hero.h; sourceTree = "<group>"; };
		5825CEA01D2FBC2D00C45BE0 /* Hero.m */ = {isa = PBXFileReference; fileEncoding = 4; lastKnownFileType = sourcecode.c.objc; name = Hero.m; path = database/Hero.m; sourceTree = "<group>"; };
		5825CEA71D2FBDA800C45BE0 /* MYDOTA2.xcdatamodel */ = {isa = PBXFileReference; lastKnownFileType = wrapper.xcdatamodel; path = MYDOTA2.xcdatamodel; sourceTree = "<group>"; };
		5825CEAA1D2FBDB500C45BE0 /* main.m */ = {isa = PBXFileReference; fileEncoding = 4; lastKnownFileType = sourcecode.c.objc; name = main.m; path = "Supporting Files/main.m"; sourceTree = "<group>"; };
		5825CEAF1D2FBE7900C45BE0 /* Info.plist */ = {isa = PBXFileReference; fileEncoding = 4; lastKnownFileType = text.plist.xml; path = Info.plist; sourceTree = "<group>"; };
		5825CEB31D2FCB3300C45BE0 /* Dota2Fetcher.h */ = {isa = PBXFileReference; fileEncoding = 4; lastKnownFileType = sourcecode.c.h; name = Dota2Fetcher.h; path = "Dota2 Fetcher/Dota2Fetcher.h"; sourceTree = "<group>"; };
		5825CEB41D2FCB3300C45BE0 /* Dota2Fetcher.m */ = {isa = PBXFileReference; fileEncoding = 4; lastKnownFileType = sourcecode.c.objc; name = Dota2Fetcher.m; path = "Dota2 Fetcher/Dota2Fetcher.m"; sourceTree = "<group>"; };
		5825CEBA1D2FD05100C45BE0 /* Dota2APIKey.h */ = {isa = PBXFileReference; lastKnownFileType = sourcecode.c.h; name = Dota2APIKey.h; path = "Dota2 Fetcher/Dota2APIKey.h"; sourceTree = "<group>"; };
		58A481E41D3F1077009B53A7 /* HeroDetail+CoreDataProperties.h */ = {isa = PBXFileReference; fileEncoding = 4; lastKnownFileType = sourcecode.c.h; name = "HeroDetail+CoreDataProperties.h"; path = "Database/HeroDetail+CoreDataProperties.h"; sourceTree = "<group>"; };
		58A481E51D3F1077009B53A7 /* HeroDetail+CoreDataProperties.m */ = {isa = PBXFileReference; fileEncoding = 4; lastKnownFileType = sourcecode.c.objc; name = "HeroDetail+CoreDataProperties.m"; path = "Database/HeroDetail+CoreDataProperties.m"; sourceTree = "<group>"; };
		58A481E61D3F1077009B53A7 /* HeroDetail.h */ = {isa = PBXFileReference; fileEncoding = 4; lastKnownFileType = sourcecode.c.h; name = HeroDetail.h; path = Database/HeroDetail.h; sourceTree = "<group>"; };
		58A481E71D3F1077009B53A7 /* HeroDetail.m */ = {isa = PBXFileReference; fileEncoding = 4; lastKnownFileType = sourcecode.c.objc; name = HeroDetail.m; path = Database/HeroDetail.m; sourceTree = "<group>"; };
		58A481EA1D3F1077009B53A7 /* HeroAbility+CoreDataProperties.h */ = {isa = PBXFileReference; fileEncoding = 4; lastKnownFileType = sourcecode.c.h; name = "HeroAbility+CoreDataProperties.h"; path = "Database/HeroAbility+CoreDataProperties.h"; sourceTree = "<group>"; };
		58A481EB1D3F1077009B53A7 /* HeroAbility+CoreDataProperties.m */ = {isa = PBXFileReference; fileEncoding = 4; lastKnownFileType = sourcecode.c.objc; name = "HeroAbility+CoreDataProperties.m"; path = "Database/HeroAbility+CoreDataProperties.m"; sourceTree = "<group>"; };
		58A481EC1D3F1077009B53A7 /* HeroAbility.h */ = {isa = PBXFileReference; fileEncoding = 4; lastKnownFileType = sourcecode.c.h; name = HeroAbility.h; path = Database/HeroAbility.h; sourceTree = "<group>"; };
		58A481ED1D3F1077009B53A7 /* HeroAbility.m */ = {isa = PBXFileReference; fileEncoding = 4; lastKnownFileType = sourcecode.c.objc; name = HeroAbility.m; path = Database/HeroAbility.m; sourceTree = "<group>"; };
		58A481EE1D3F1077009B53A7 /* ItemDetail+CoreDataProperties.h */ = {isa = PBXFileReference; fileEncoding = 4; lastKnownFileType = sourcecode.c.h; name = "ItemDetail+CoreDataProperties.h"; path = "Database/ItemDetail+CoreDataProperties.h"; sourceTree = "<group>"; };
		58A481EF1D3F1077009B53A7 /* ItemDetail+CoreDataProperties.m */ = {isa = PBXFileReference; fileEncoding = 4; lastKnownFileType = sourcecode.c.objc; name = "ItemDetail+CoreDataProperties.m"; path = "Database/ItemDetail+CoreDataProperties.m"; sourceTree = "<group>"; };
		58A481F01D3F1077009B53A7 /* ItemDetail.h */ = {isa = PBXFileReference; fileEncoding = 4; lastKnownFileType = sourcecode.c.h; name = ItemDetail.h; path = Database/ItemDetail.h; sourceTree = "<group>"; };
		58A481F11D3F1077009B53A7 /* ItemDetail.m */ = {isa = PBXFileReference; fileEncoding = 4; lastKnownFileType = sourcecode.c.objc; name = ItemDetail.m; path = Database/ItemDetail.m; sourceTree = "<group>"; };
		58A481FA1D3F119F009B53A7 /* Hero+CoreDataProperties.h */ = {isa = PBXFileReference; fileEncoding = 4; lastKnownFileType = sourcecode.c.h; name = "Hero+CoreDataProperties.h"; path = "Database/Hero+CoreDataProperties.h"; sourceTree = "<group>"; };
		58A481FB1D3F119F009B53A7 /* Hero+CoreDataProperties.m */ = {isa = PBXFileReference; fileEncoding = 4; lastKnownFileType = sourcecode.c.objc; name = "Hero+CoreDataProperties.m"; path = "Database/Hero+CoreDataProperties.m"; sourceTree = "<group>"; };
		58AAD9BA1D45964300BB18C0 /* TabBarController.h */ = {isa = PBXFileReference; fileEncoding = 4; lastKnownFileType = sourcecode.c.h; name = TabBarController.h; path = Controller/TabBarController.h; sourceTree = "<group>"; };
		58AAD9BB1D45964300BB18C0 /* TabBarController.m */ = {isa = PBXFileReference; fileEncoding = 4; lastKnownFileType = sourcecode.c.objc; name = TabBarController.m; path = Controller/TabBarController.m; sourceTree = "<group>"; };
		58C1108C1D488F1400FED679 /* SearchFunctionHeroCDTVC.h */ = {isa = PBXFileReference; fileEncoding = 4; lastKnownFileType = sourcecode.c.h; name = SearchFunctionHeroCDTVC.h; path = Controller/SearchFunctionHeroCDTVC.h; sourceTree = "<group>"; };
		58C1108D1D488F1400FED679 /* SearchFunctionHeroCDTVC.m */ = {isa = PBXFileReference; fileEncoding = 4; lastKnownFileType = sourcecode.c.objc; name = SearchFunctionHeroCDTVC.m; path = Controller/SearchFunctionHeroCDTVC.m; sourceTree = "<group>"; };
		58C1108F1D48A51B00FED679 /* HeroDetailViewController.h */ = {isa = PBXFileReference; fileEncoding = 4; lastKnownFileType = sourcecode.c.h; name = HeroDetailViewController.h; path = Controller/HeroDetailViewController.h; sourceTree = "<group>"; };
		58C110901D48A51B00FED679 /* HeroDetailViewController.m */ = {isa = PBXFileReference; fileEncoding = 4; lastKnownFileType = sourcecode.c.objc; name = HeroDetailViewController.m; path = Controller/HeroDetailViewController.m; sourceTree = "<group>"; };
		58EBF0741D30B336004707C7 /* HeroCDTVC.h */ = {isa = PBXFileReference; fileEncoding = 4; lastKnownFileType = sourcecode.c.h; name = HeroCDTVC.h; path = Controller/HeroCDTVC.h; sourceTree = "<group>"; };
		58EBF0751D30B336004707C7 /* HeroCDTVC.m */ = {isa = PBXFileReference; fileEncoding = 4; lastKnownFileType = sourcecode.c.objc; name = HeroCDTVC.m; path = Controller/HeroCDTVC.m; sourceTree = "<group>"; };
		58EBF07A1D30CD06004707C7 /* CoreDataTableViewController.h */ = {isa = PBXFileReference; fileEncoding = 4; lastKnownFileType = sourcecode.c.h; name = CoreDataTableViewController.h; path = Controller/CoreDataTableViewController.h; sourceTree = "<group>"; };
		58EBF07B1D30CD06004707C7 /* CoreDataTableViewController.m */ = {isa = PBXFileReference; fileEncoding = 4; lastKnownFileType = sourcecode.c.objc; name = CoreDataTableViewController.m; path = Controller/CoreDataTableViewController.m; sourceTree = "<group>"; };
		58EF79011D448622006FFE12 /* HeroInfo.json */ = {isa = PBXFileReference; fileEncoding = 4; lastKnownFileType = text.json; name = HeroInfo.json; path = "Supporting Files/HeroInfo.json"; sourceTree = "<group>"; };
		58EF79031D44A023006FFE12 /* Item+CoreDataProperties.h */ = {isa = PBXFileReference; fileEncoding = 4; lastKnownFileType = sourcecode.c.h; name = "Item+CoreDataProperties.h"; path = "Database/Item+CoreDataProperties.h"; sourceTree = "<group>"; };
		58EF79041D44A023006FFE12 /* Item+CoreDataProperties.m */ = {isa = PBXFileReference; fileEncoding = 4; lastKnownFileType = sourcecode.c.objc; name = "Item+CoreDataProperties.m"; path = "Database/Item+CoreDataProperties.m"; sourceTree = "<group>"; };
/* End PBXFileReference section */

/* Begin PBXFrameworksBuildPhase section */
		5825CE791D2FB97F00C45BE0 /* Frameworks */ = {
			isa = PBXFrameworksBuildPhase;
			buildActionMask = 2147483647;
			files = (
			);
			runOnlyForDeploymentPostprocessing = 0;
		};
/* End PBXFrameworksBuildPhase section */

/* Begin PBXGroup section */
		5825CE731D2FB97F00C45BE0 = {
			isa = PBXGroup;
			children = (
				5825CE7E1D2FB97F00C45BE0 /* MYDOTA2 */,
				5825CE7D1D2FB97F00C45BE0 /* Products */,
			);
			sourceTree = "<group>";
		};
		5825CE7D1D2FB97F00C45BE0 /* Products */ = {
			isa = PBXGroup;
			children = (
				5825CE7C1D2FB97F00C45BE0 /* MYDOTA2.app */,
			);
			name = Products;
			sourceTree = "<group>";
		};
		5825CE7E1D2FB97F00C45BE0 /* MYDOTA2 */ = {
			isa = PBXGroup;
			children = (
				5825CE821D2FB97F00C45BE0 /* AppDelegate.h */,
				5825CE831D2FB97F00C45BE0 /* AppDelegate.m */,
				58C3878B1D3277640073D05A /* UI */,
				58EBF0731D30B253004707C7 /* Controller */,
				5825CEB11D2FCA2400C45BE0 /* Dota2 Fetcher */,
				5825CEA51D2FBCA200C45BE0 /* Database */,
				5825CE7F1D2FB97F00C45BE0 /* Supporting Files */,
			);
			path = MYDOTA2;
			sourceTree = "<group>";
		};
		5825CE7F1D2FB97F00C45BE0 /* Supporting Files */ = {
			isa = PBXGroup;
			children = (
				58EF79011D448622006FFE12 /* HeroInfo.json */,
				581EA7981D3E166F00B35D6C /* MYDOTA2_Availability.h */,
				5825CEAF1D2FBE7900C45BE0 /* Info.plist */,
				5825CE8E1D2FB98000C45BE0 /* Assets.xcassets */,
				5825CEAA1D2FBDB500C45BE0 /* main.m */,
			);
			name = "Supporting Files";
			sourceTree = "<group>";
		};
		5825CEA51D2FBCA200C45BE0 /* Database */ = {
			isa = PBXGroup;
			children = (
				58EF79031D44A023006FFE12 /* Item+CoreDataProperties.h */,
				58EF79041D44A023006FFE12 /* Item+CoreDataProperties.m */,
				58A481FA1D3F119F009B53A7 /* Hero+CoreDataProperties.h */,
				58A481FB1D3F119F009B53A7 /* Hero+CoreDataProperties.m */,
				58A481E41D3F1077009B53A7 /* HeroDetail+CoreDataProperties.h */,
				58A481E51D3F1077009B53A7 /* HeroDetail+CoreDataProperties.m */,
				58A481EA1D3F1077009B53A7 /* HeroAbility+CoreDataProperties.h */,
				58A481EB1D3F1077009B53A7 /* HeroAbility+CoreDataProperties.m */,
				58A481EE1D3F1077009B53A7 /* ItemDetail+CoreDataProperties.h */,
				58A481EF1D3F1077009B53A7 /* ItemDetail+CoreDataProperties.m */,
				5825CE9F1D2FBC2D00C45BE0 /* Hero.h */,
				5825CEA01D2FBC2D00C45BE0 /* Hero.m */,
				58A481E61D3F1077009B53A7 /* HeroDetail.h */,
				58A481E71D3F1077009B53A7 /* HeroDetail.m */,
				58A481EC1D3F1077009B53A7 /* HeroAbility.h */,
				58A481ED1D3F1077009B53A7 /* HeroAbility.m */,
				5825CE9B1D2FBC2D00C45BE0 /* Item.h */,
				5825CE9C1D2FBC2D00C45BE0 /* Item.m */,
				58A481F01D3F1077009B53A7 /* ItemDetail.h */,
				58A481F11D3F1077009B53A7 /* ItemDetail.m */,
				5825CEA61D2FBDA800C45BE0 /* MYDOTA2.xcdatamodeld */,
			);
			name = Database;
			sourceTree = "<group>";
		};
		5825CEB11D2FCA2400C45BE0 /* Dota2 Fetcher */ = {
			isa = PBXGroup;
			children = (
				5825CEBA1D2FD05100C45BE0 /* Dota2APIKey.h */,
				5825CEB31D2FCB3300C45BE0 /* Dota2Fetcher.h */,
				5825CEB41D2FCB3300C45BE0 /* Dota2Fetcher.m */,
			);
			name = "Dota2 Fetcher";
			sourceTree = "<group>";
		};
		58C3878B1D3277640073D05A /* UI */ = {
			isa = PBXGroup;
			children = (
				5825CE881D2FB97F00C45BE0 /* Main.storyboard */,
				5825CE901D2FB98000C45BE0 /* LaunchScreen.storyboard */,
			);
			name = UI;
			sourceTree = "<group>";
		};
		58EBF0731D30B253004707C7 /* Controller */ = {
			isa = PBXGroup;
			children = (
				58C1108F1D48A51B00FED679 /* HeroDetailViewController.h */,
				58C110901D48A51B00FED679 /* HeroDetailViewController.m */,
				58C1108C1D488F1400FED679 /* SearchFunctionHeroCDTVC.h */,
				58C1108D1D488F1400FED679 /* SearchFunctionHeroCDTVC.m */,
				58EBF0741D30B336004707C7 /* HeroCDTVC.h */,
				58EBF0751D30B336004707C7 /* HeroCDTVC.m */,
				58EBF07A1D30CD06004707C7 /* CoreDataTableViewController.h */,
				58EBF07B1D30CD06004707C7 /* CoreDataTableViewController.m */,
				58AAD9BA1D45964300BB18C0 /* TabBarController.h */,
				58AAD9BB1D45964300BB18C0 /* TabBarController.m */,
			);
			name = Controller;
			sourceTree = "<group>";
		};
/* End PBXGroup section */

/* Begin PBXNativeTarget section */
		5825CE7B1D2FB97F00C45BE0 /* MYDOTA2 */ = {
			isa = PBXNativeTarget;
			buildConfigurationList = 5825CE961D2FB98000C45BE0 /* Build configuration list for PBXNativeTarget "MYDOTA2" */;
			buildPhases = (
				5825CE781D2FB97F00C45BE0 /* Sources */,
				5825CE791D2FB97F00C45BE0 /* Frameworks */,
				5825CE7A1D2FB97F00C45BE0 /* Resources */,
			);
			buildRules = (
			);
			dependencies = (
			);
			name = MYDOTA2;
			productName = MYDOTA2;
			productReference = 5825CE7C1D2FB97F00C45BE0 /* MYDOTA2.app */;
			productType = "com.apple.product-type.application";
		};
/* End PBXNativeTarget section */

/* Begin PBXProject section */
		5825CE741D2FB97F00C45BE0 /* Project object */ = {
			isa = PBXProject;
			attributes = {
				LastUpgradeCheck = 0730;
				ORGANIZATIONNAME = SASE;
				TargetAttributes = {
					5825CE7B1D2FB97F00C45BE0 = {
						CreatedOnToolsVersion = 7.3.1;
						DevelopmentTeam = 2P92528HBB;
					};
				};
			};
			buildConfigurationList = 5825CE771D2FB97F00C45BE0 /* Build configuration list for PBXProject "MYDOTA2" */;
			compatibilityVersion = "Xcode 3.2";
			developmentRegion = English;
			hasScannedForEncodings = 0;
			knownRegions = (
				en,
				Base,
			);
			mainGroup = 5825CE731D2FB97F00C45BE0;
			productRefGroup = 5825CE7D1D2FB97F00C45BE0 /* Products */;
			projectDirPath = "";
			projectRoot = "";
			targets = (
				5825CE7B1D2FB97F00C45BE0 /* MYDOTA2 */,
			);
		};
/* End PBXProject section */

/* Begin PBXResourcesBuildPhase section */
		5825CE7A1D2FB97F00C45BE0 /* Resources */ = {
			isa = PBXResourcesBuildPhase;
			buildActionMask = 2147483647;
			files = (
				5825CE921D2FB98000C45BE0 /* LaunchScreen.storyboard in Resources */,
				5825CE8F1D2FB98000C45BE0 /* Assets.xcassets in Resources */,
				5825CE8A1D2FB97F00C45BE0 /* Main.storyboard in Resources */,
				58EF79021D448622006FFE12 /* HeroInfo.json in Resources */,
			);
			runOnlyForDeploymentPostprocessing = 0;
		};
/* End PBXResourcesBuildPhase section */

/* Begin PBXSourcesBuildPhase section */
		5825CE781D2FB97F00C45BE0 /* Sources */ = {
			isa = PBXSourcesBuildPhase;
			buildActionMask = 2147483647;
			files = (
				5825CEA81D2FBDA800C45BE0 /* MYDOTA2.xcdatamodeld in Sources */,
				5825CEA21D2FBC2D00C45BE0 /* Item.m in Sources */,
				58A481F81D3F1077009B53A7 /* ItemDetail+CoreDataProperties.m in Sources */,
				58A481FC1D3F119F009B53A7 /* Hero+CoreDataProperties.m in Sources */,
				58A481F31D3F1077009B53A7 /* HeroDetail+CoreDataProperties.m in Sources */,
				58A481F71D3F1077009B53A7 /* HeroAbility.m in Sources */,
				58C110911D48A51B00FED679 /* HeroDetailViewController.m in Sources */,
				5825CE841D2FB97F00C45BE0 /* AppDelegate.m in Sources */,
				58EBF07C1D30CD06004707C7 /* CoreDataTableViewController.m in Sources */,
				58A481F91D3F1077009B53A7 /* ItemDetail.m in Sources */,
				5825CEB51D2FCB3300C45BE0 /* Dota2Fetcher.m in Sources */,
				58C1108E1D488F1400FED679 /* SearchFunctionHeroCDTVC.m in Sources */,
				58A481F61D3F1077009B53A7 /* HeroAbility+CoreDataProperties.m in Sources */,
				58A481F41D3F1077009B53A7 /* HeroDetail.m in Sources */,
				58EBF0761D30B336004707C7 /* HeroCDTVC.m in Sources */,
				5825CEAC1D2FBDB500C45BE0 /* main.m in Sources */,
				58AAD9BC1D45964300BB18C0 /* TabBarController.m in Sources */,
				58EF79051D44A023006FFE12 /* Item+CoreDataProperties.m in Sources */,
				5825CEA41D2FBC2D00C45BE0 /* Hero.m in Sources */,
			);
			runOnlyForDeploymentPostprocessing = 0;
		};
/* End PBXSourcesBuildPhase section */

/* Begin PBXVariantGroup section */
		5825CE881D2FB97F00C45BE0 /* Main.storyboard */ = {
			isa = PBXVariantGroup;
			children = (
				5825CE891D2FB97F00C45BE0 /* Base */,
			);
			name = Main.storyboard;
			sourceTree = "<group>";
		};
		5825CE901D2FB98000C45BE0 /* LaunchScreen.storyboard */ = {
			isa = PBXVariantGroup;
			children = (
				5825CE911D2FB98000C45BE0 /* Base */,
			);
			name = LaunchScreen.storyboard;
			sourceTree = "<group>";
		};
/* End PBXVariantGroup section */

/* Begin XCBuildConfiguration section */
		5825CE941D2FB98000C45BE0 /* Debug */ = {
			isa = XCBuildConfiguration;
			buildSettings = {
				ALWAYS_SEARCH_USER_PATHS = NO;
				CLANG_ANALYZER_NONNULL = YES;
				CLANG_CXX_LANGUAGE_STANDARD = "gnu++0x";
				CLANG_CXX_LIBRARY = "libc++";
				CLANG_ENABLE_MODULES = YES;
				CLANG_ENABLE_OBJC_ARC = YES;
				CLANG_WARN_BOOL_CONVERSION = YES;
				CLANG_WARN_CONSTANT_CONVERSION = YES;
				CLANG_WARN_DIRECT_OBJC_ISA_USAGE = YES_ERROR;
				CLANG_WARN_EMPTY_BODY = YES;
				CLANG_WARN_ENUM_CONVERSION = YES;
				CLANG_WARN_INT_CONVERSION = YES;
				CLANG_WARN_OBJC_ROOT_CLASS = YES_ERROR;
				CLANG_WARN_UNREACHABLE_CODE = YES;
				CLANG_WARN__DUPLICATE_METHOD_MATCH = YES;
				"CODE_SIGN_IDENTITY[sdk=iphoneos*]" = "iPhone Developer";
				COPY_PHASE_STRIP = NO;
				DEBUG_INFORMATION_FORMAT = dwarf;
				ENABLE_STRICT_OBJC_MSGSEND = YES;
				ENABLE_TESTABILITY = YES;
				GCC_C_LANGUAGE_STANDARD = gnu99;
				GCC_DYNAMIC_NO_PIC = NO;
				GCC_NO_COMMON_BLOCKS = YES;
				GCC_OPTIMIZATION_LEVEL = 0;
				GCC_PREPROCESSOR_DEFINITIONS = (
					"DEBUG=1",
					"$(inherited)",
				);
				GCC_WARN_64_TO_32_BIT_CONVERSION = YES;
				GCC_WARN_ABOUT_RETURN_TYPE = YES_ERROR;
				GCC_WARN_UNDECLARED_SELECTOR = YES;
				GCC_WARN_UNINITIALIZED_AUTOS = YES_AGGRESSIVE;
				GCC_WARN_UNUSED_FUNCTION = YES;
				GCC_WARN_UNUSED_VARIABLE = YES;
				IPHONEOS_DEPLOYMENT_TARGET = 9.3;
				MTL_ENABLE_DEBUG_INFO = YES;
				ONLY_ACTIVE_ARCH = YES;
				SDKROOT = iphoneos;
				TARGETED_DEVICE_FAMILY = "1,2";
			};
			name = Debug;
		};
		5825CE951D2FB98000C45BE0 /* Release */ = {
			isa = XCBuildConfiguration;
			buildSettings = {
				ALWAYS_SEARCH_USER_PATHS = NO;
				CLANG_ANALYZER_NONNULL = YES;
				CLANG_CXX_LANGUAGE_STANDARD = "gnu++0x";
				CLANG_CXX_LIBRARY = "libc++";
				CLANG_ENABLE_MODULES = YES;
				CLANG_ENABLE_OBJC_ARC = YES;
				CLANG_WARN_BOOL_CONVERSION = YES;
				CLANG_WARN_CONSTANT_CONVERSION = YES;
				CLANG_WARN_DIRECT_OBJC_ISA_USAGE = YES_ERROR;
				CLANG_WARN_EMPTY_BODY = YES;
				CLANG_WARN_ENUM_CONVERSION = YES;
				CLANG_WARN_INT_CONVERSION = YES;
				CLANG_WARN_OBJC_ROOT_CLASS = YES_ERROR;
				CLANG_WARN_UNREACHABLE_CODE = YES;
				CLANG_WARN__DUPLICATE_METHOD_MATCH = YES;
				"CODE_SIGN_IDENTITY[sdk=iphoneos*]" = "iPhone Developer";
				COPY_PHASE_STRIP = NO;
				DEBUG_INFORMATION_FORMAT = "dwarf-with-dsym";
				ENABLE_NS_ASSERTIONS = NO;
				ENABLE_STRICT_OBJC_MSGSEND = YES;
				GCC_C_LANGUAGE_STANDARD = gnu99;
				GCC_NO_COMMON_BLOCKS = YES;
				GCC_WARN_64_TO_32_BIT_CONVERSION = YES;
				GCC_WARN_ABOUT_RETURN_TYPE = YES_ERROR;
				GCC_WARN_UNDECLARED_SELECTOR = YES;
				GCC_WARN_UNINITIALIZED_AUTOS = YES_AGGRESSIVE;
				GCC_WARN_UNUSED_FUNCTION = YES;
				GCC_WARN_UNUSED_VARIABLE = YES;
				IPHONEOS_DEPLOYMENT_TARGET = 9.3;
				MTL_ENABLE_DEBUG_INFO = NO;
				SDKROOT = iphoneos;
				TARGETED_DEVICE_FAMILY = "1,2";
				VALIDATE_PRODUCT = YES;
			};
			name = Release;
		};
		5825CE971D2FB98000C45BE0 /* Debug */ = {
			isa = XCBuildConfiguration;
			buildSettings = {
				ASSETCATALOG_COMPILER_APPICON_NAME = AppIcon;
				ASSETCATALOG_COMPILER_LAUNCHIMAGE_NAME = "Brand Assets";
				INFOPLIST_FILE = MYDOTA2/Info.plist;
				IPHONEOS_DEPLOYMENT_TARGET = 7.0;
				LD_RUNPATH_SEARCH_PATHS = "$(inherited) @executable_path/Frameworks";
				PRODUCT_BUNDLE_IDENTIFIER = SSS.MYDOTA2;
				PRODUCT_NAME = "$(TARGET_NAME)";
			};
			name = Debug;
		};
		5825CE981D2FB98000C45BE0 /* Release */ = {
			isa = XCBuildConfiguration;
			buildSettings = {
				ASSETCATALOG_COMPILER_APPICON_NAME = AppIcon;
				ASSETCATALOG_COMPILER_LAUNCHIMAGE_NAME = "Brand Assets";
				INFOPLIST_FILE = MYDOTA2/Info.plist;
				IPHONEOS_DEPLOYMENT_TARGET = 7.0;
				LD_RUNPATH_SEARCH_PATHS = "$(inherited) @executable_path/Frameworks";
				PRODUCT_BUNDLE_IDENTIFIER = SSS.MYDOTA2;
				PRODUCT_NAME = "$(TARGET_NAME)";
			};
			name = Release;
		};
/* End XCBuildConfiguration section */

/* Begin XCConfigurationList section */
		5825CE771D2FB97F00C45BE0 /* Build configuration list for PBXProject "MYDOTA2" */ = {
			isa = XCConfigurationList;
			buildConfigurations = (
				5825CE941D2FB98000C45BE0 /* Debug */,
				5825CE951D2FB98000C45BE0 /* Release */,
			);
			defaultConfigurationIsVisible = 0;
			defaultConfigurationName = Release;
		};
		5825CE961D2FB98000C45BE0 /* Build configuration list for PBXNativeTarget "MYDOTA2" */ = {
			isa = XCConfigurationList;
			buildConfigurations = (
				5825CE971D2FB98000C45BE0 /* Debug */,
				5825CE981D2FB98000C45BE0 /* Release */,
			);
			defaultConfigurationIsVisible = 0;
			defaultConfigurationName = Release;
		};
/* End XCConfigurationList section */

/* Begin XCVersionGroup section */
		5825CEA61D2FBDA800C45BE0 /* MYDOTA2.xcdatamodeld */ = {
			isa = XCVersionGroup;
			children = (
				5825CEA71D2FBDA800C45BE0 /* MYDOTA2.xcdatamodel */,
			);
			currentVersion = 5825CEA71D2FBDA800C45BE0 /* MYDOTA2.xcdatamodel */;
			name = MYDOTA2.xcdatamodeld;
			path = Database/MYDOTA2.xcdatamodeld;
			sourceTree = "<group>";
			versionGroupType = wrapper.xcdatamodel;
		};
/* End XCVersionGroup section */
	};
	rootObject = 5825CE741D2FB97F00C45BE0 /* Project object */;
}
